[root]
name = "games-for-redox"
version = "0.1.0"
dependencies = [
 "extra 0.1.0 (git+https://github.com/redox-os/libextra.git)",
 "termion 0.1.0 (git+https://github.com/Ticki/termion.git)",
]

[[package]]
name = "extra"
version = "0.1.0"
source = "git+https://github.com/redox-os/libextra.git#461bf1b2b9ea29a6f3dd13d688fdddc02d8b5b6a"

[[package]]
name = "libc"
version = "0.2.8"
source = "registry+https://github.com/rust-lang/crates.io-index"

[[package]]
name = "termion"
version = "0.1.0"
source = "git+https://github.com/Ticki/termion.git#7da5fbf36ffd100a043a1917ffe9e41218ba878c"
dependencies = [
 "libc 0.2.8 (registry+https://github.com/rust-lang/crates.io-index)",
]

